{
  "requires": true,
  "lockfileVersion": 1,
  "dependencies": {
    "@types/googlemaps": {
      "version": "3.40.2",
      "resolved": "https://registry.npmjs.org/@types/googlemaps/-/googlemaps-3.40.2.tgz",
      "integrity": "sha512-LYlp497JZ/AjsjmGQMHcKmqO/MkUSLeUtsY++CQwy3VN8rqeotMacxnCF3xoGd8LphNqDdgQX7PL6qG0Pmh0Hw==",
      "dev": true
    }
  }
}
